
Microsoft Visual Studio Solution File, Format Version 12.00
# Visual Studio Version 17
VisualStudioVersion = 17.3.32901.215
MinimumVisualStudioVersion = 10.0.40219.1
Project("{FAE04EC0-301F-11D3-BF4B-00C04F79EFBC}") = "Task Smart Scheduler", "Task Smart Scheduler\Task Smart Scheduler.csproj", "{57766E33-0259-41DE-AB58-167702011017}"
EndProject
Global
	GlobalSection(SolutionConfigurationPlatforms) = preSolution
		Debug|Any CPU = Debug|Any CPU
		Release|Any CPU = Release|Any CPU
	EndGlobalSection
	GlobalSection(ProjectConfigurationPlatforms) = postSolution
		{57766E33-0259-41DE-AB58-167702011017}.Debug|Any CPU.ActiveCfg = Debug|Any CPU
		{57766E33-0259-41DE-AB58-167702011017}.Debug|Any CPU.Build.0 = Debug|Any CPU
		{57766E33-0259-41DE-AB58-167702011017}.Release|Any CPU.ActiveCfg = Release|Any CPU
		{57766E33-0259-41DE-AB58-167702011017}.Release|Any CPU.Build.0 = Release|Any CPU
	EndGlobalSection
	GlobalSection(SolutionProperties) = preSolution
		HideSolutionNode = FALSE
	EndGlobalSection
	GlobalSection(ExtensibilityGlobals) = postSolution
		SolutionGuid = {810A642C-ABA6-466A-BDA0-1BBA549FB7EC}
	EndGlobalSection
EndGlobal
